<?xml version="1.0" encoding="utf-8"?>
<Project ToolsVersion="4.0" xmlns="http://schemas.microsoft.com/developer/msbuild/2003">
  <ItemGroup>
    <Filter Include="Engine">
      <UniqueIdentifier>{70fac736-cfa3-4cad-8e57-1f2c07a2fe25}</UniqueIdentifier>
    </Filter>
    <Filter Include="Engine\Header Files">
      <UniqueIdentifier>{93995380-89BD-4b04-88EB-625FBE52EBFB}</UniqueIdentifier>
      <Extensions>h;hh;hpp;hxx;hm;inl;inc;ipp;xsd</Extensions>
    </Filter>
    <Filter Include="Engine\Source Files">
      <UniqueIdentifier>{4FC737F1-C7A5-4376-A066-2A32D752A2FF}</UniqueIdentifier>
      <Extensions>cpp;c;cc;cxx;def;odl;idl;hpj;bat;asm;asmx</Extensions>
    </Filter>
    <Filter Include="_Networking">
      <UniqueIdentifier>{d54bee65-a951-46c9-a055-adefb42a0ba1}</UniqueIdentifier>
    </Filter>
    <Filter Include="_Networking\Headers">
      <UniqueIdentifier>{634c3ae1-3c01-41c0-abd3-d89fc24137b7}</UniqueIdentifier>
    </Filter>
    <Filter Include="_Networking\Source">
      <UniqueIdentifier>{7363a74b-9c7f-4cd2-98eb-e52f3ae97326}</UniqueIdentifier>
    </Filter>
    <Filter Include="3rd party">
      <UniqueIdentifier>{9b40292f-464f-4ac5-a237-c17dd1faba89}</UniqueIdentifier>
    </Filter>
    <Filter Include="3rd party\Header Files">
      <UniqueIdentifier>{35011694-cd25-4b9b-a304-8c19e39f033c}</UniqueIdentifier>
    </Filter>
    <Filter Include="3rd party\Source Files">
      <UniqueIdentifier>{3c3fd090-6887-4d41-be89-950b4e47f491}</UniqueIdentifier>
    </Filter>
    <Filter Include="Shared">
      <UniqueIdentifier>{34cc5590-9f5a-467a-91d5-75d0c115135d}</UniqueIdentifier>
    </Filter>
    <Filter Include="Shared\Header Files">
      <UniqueIdentifier>{863266d0-bc2e-4ab7-8079-d24baa67b11b}</UniqueIdentifier>
    </Filter>
    <Filter Include="Shared\Source Files">
      <UniqueIdentifier>{636b37b1-8519-4c69-a42d-24a745ef573d}</UniqueIdentifier>
    </Filter>
  </ItemGroup>
  <ItemGroup>
    <ClCompile Include="InputManager.cpp">
      <Filter>Engine\Source Files</Filter>
    </ClCompile>
    <ClCompile Include="ResourceManager.cpp">
      <Filter>Engine\Source Files</Filter>
    </ClCompile>
    <ClCompile Include="Transform.cpp">
      <Filter>Engine\Source Files</Filter>
    </ClCompile>
    <ClCompile Include="Debug.cpp">
      <Filter>Engine\Source Files</Filter>
    </ClCompile>
    <ClCompile Include="Sprite.cpp">
      <Filter>Engine\Source Files</Filter>
    </ClCompile>
    <ClCompile Include="SpriteRenderer.cpp">
      <Filter>Engine\Source Files</Filter>
    </ClCompile>
    <ClCompile Include="Texture2D.cpp">
      <Filter>Engine\Source Files</Filter>
    </ClCompile>
    <ClCompile Include="stb_image.cpp">
      <Filter>3rd party\Source Files</Filter>
    </ClCompile>
    <ClCompile Include="TextRenderer.cpp">
      <Filter>Engine\Source Files</Filter>
    </ClCompile>
    <ClCompile Include="Networking\UDPSocket.cpp">
      <Filter>_Networking\Source</Filter>
    </ClCompile>
    <ClCompile Include="Networking\MemoryBitStream.cpp">
      <Filter>_Networking\Source</Filter>
    </ClCompile>
    <ClCompile Include="Networking\SocketUtil.cpp">
      <Filter>_Networking\Source</Filter>
    </ClCompile>
    <ClCompile Include="ExtraMath.cpp">
      <Filter>Engine\Source Files</Filter>
    </ClCompile>
    <ClCompile Include="MMTime.cpp">
      <Filter>Engine\Source Files</Filter>
    </ClCompile>
    <ClCompile Include="Networking\TestObj.cpp">
      <Filter>_Networking\Source</Filter>
    </ClCompile>
    <ClCompile Include="glad.c">
      <Filter>3rd party\Source Files</Filter>
    </ClCompile>
    <ClCompile Include="Networking\User.cpp">
      <Filter>_Networking\Source</Filter>
    </ClCompile>
    <ClCompile Include="Player.cpp">
      <Filter>Shared\Source Files</Filter>
    </ClCompile>
    <ClCompile Include="Move.cpp">
      <Filter>Shared\Source Files</Filter>
    </ClCompile>
    <ClCompile Include="Projectile.cpp">
      <Filter>Shared\Source Files</Filter>
    </ClCompile>
    <ClCompile Include="Networking\RPCManager.cpp">
      <Filter>_Networking\Source</Filter>
    </ClCompile>
    <ClCompile Include="Networking\TCPSocket.cpp">
      <Filter>_Networking\Source</Filter>
    </ClCompile>
  </ItemGroup>
  <ItemGroup>
    <ClInclude Include="Types.h">
      <Filter>Engine\Header Files</Filter>
    </ClInclude>
    <ClInclude Include="Engine.h">
      <Filter>Engine\Header Files</Filter>
    </ClInclude>
    <ClInclude Include="GameObject.h">
      <Filter>Engine\Header Files</Filter>
    </ClInclude>
    <ClInclude Include="InputManager.h">
      <Filter>Engine\Header Files</Filter>
    </ClInclude>
    <ClInclude Include="ResourceManager.h">
      <Filter>Engine\Header Files</Filter>
    </ClInclude>
    <ClInclude Include="Shader.h">
      <Filter>Engine\Header Files</Filter>
    </ClInclude>
    <ClInclude Include="Transform.h">
      <Filter>Engine\Header Files</Filter>
    </ClInclude>
    <ClInclude Include="Debug.h">
      <Filter>Engine\Header Files</Filter>
    </ClInclude>
    <ClInclude Include="Color.h">
      <Filter>Engine\Header Files</Filter>
    </ClInclude>
    <ClInclude Include="Sprite.h">
      <Filter>Engine\Header Files</Filter>
    </ClInclude>
    <ClInclude Include="SpriteRenderer.h">
      <Filter>Engine\Header Files</Filter>
    </ClInclude>
    <ClInclude Include="Texture2D.h">
      <Filter>Engine\Header Files</Filter>
    </ClInclude>
    <ClInclude Include="stb_image.h">
      <Filter>3rd party\Header Files</Filter>
    </ClInclude>
    <ClInclude Include="TextRenderer.h">
      <Filter>Engine\Header Files</Filter>
    </ClInclude>
    <ClInclude Include="Networking\NetworkManager.h">
      <Filter>_Networking\Headers</Filter>
    </ClInclude>
    <ClInclude Include="Networking\Sockets.h">
      <Filter>_Networking\Headers</Filter>
    </ClInclude>
    <ClInclude Include="Networking\MemoryBitStream.h">
      <Filter>_Networking\Headers</Filter>
    </ClInclude>
    <ClInclude Include="ExtraMath.h">
      <Filter>Engine\Header Files</Filter>
    </ClInclude>
    <ClInclude Include="MMTime.h">
      <Filter>Engine\Header Files</Filter>
    </ClInclude>
    <ClInclude Include="Networking\NetworkedGameObject.h">
      <Filter>_Networking\Headers</Filter>
    </ClInclude>
    <ClInclude Include="Networking\User.h">
      <Filter>_Networking\Headers</Filter>
    </ClInclude>
    <ClInclude Include="Networking\TestObj.h">
      <Filter>_Networking\Headers</Filter>
    </ClInclude>
    <ClInclude Include="Networking\SerializableObject.h">
      <Filter>_Networking\Headers</Filter>
    </ClInclude>
    <ClInclude Include="Player.h">
      <Filter>Shared\Header Files</Filter>
    </ClInclude>
    <ClInclude Include="Move.h">
      <Filter>Shared\Header Files</Filter>
    </ClInclude>
    <ClInclude Include="Projectile.h">
      <Filter>Shared\Header Files</Filter>
    </ClInclude>
    <ClInclude Include="Networking\RPCManager.h">
      <Filter>_Networking\Headers</Filter>
    </ClInclude>
    <ClInclude Include="Networking\SharedRPC.h">
      <Filter>_Networking\Headers</Filter>
    </ClInclude>
  </ItemGroup>
</Project>